
Microsoft Visual Studio Solution File, Format Version 12.00
# Visual Studio 15
VisualStudioVersion = 15.0.27130.2036
MinimumVisualStudioVersion = 10.0.40219.1
Project("{8BC9CEB8-8B4A-11D0-8D11-00A0C91BC942}") = "libzetaglest", "libzetaglest.vcxproj", "{8DAA0C24-95CD-4F66-B4C5-19ABDD771746}"
EndProject
Project("{8BC9CEB8-8B4A-11D0-8D11-00A0C91BC942}") = "zetaglest", "zetaglest.vcxproj", "{6B0C65F1-D031-46AF-AC0D-7C38892D2952}"
EndProject
Project("{8BC9CEB8-8B4A-11D0-8D11-00A0C91BC942}") = "g3d_viewer", "g3d_viewer.vcxproj", "{FE5C7C7C-F109-44F5-8329-25A4E24F162C}"
EndProject
Project("{8BC9CEB8-8B4A-11D0-8D11-00A0C91BC942}") = "map_editor", "map_editor.vcxproj", "{5D09BE33-81EC-450B-8A7B-2E7B941ADC56}"
EndProject
Global
	GlobalSection(SolutionConfigurationPlatforms) = preSolution
		Release|Win32 = Release|Win32
		Release|x64 = Release|x64
		Release|x86 = Release|x86
	EndGlobalSection
	GlobalSection(ProjectConfigurationPlatforms) = postSolution
		{8DAA0C24-95CD-4F66-B4C5-19ABDD771746}.Release|Win32.ActiveCfg = Release|Win32
		{8DAA0C24-95CD-4F66-B4C5-19ABDD771746}.Release|Win32.Build.0 = Release|Win32
		{8DAA0C24-95CD-4F66-B4C5-19ABDD771746}.Release|x64.ActiveCfg = Release|x64
		{8DAA0C24-95CD-4F66-B4C5-19ABDD771746}.Release|x64.Build.0 = Release|x64
		{8DAA0C24-95CD-4F66-B4C5-19ABDD771746}.Release|x86.ActiveCfg = Release|Win32
		{8DAA0C24-95CD-4F66-B4C5-19ABDD771746}.Release|x86.Build.0 = Release|Win32
		{6B0C65F1-D031-46AF-AC0D-7C38892D2952}.Release|Win32.ActiveCfg = Release|Win32
		{6B0C65F1-D031-46AF-AC0D-7C38892D2952}.Release|Win32.Build.0 = Release|Win32
		{6B0C65F1-D031-46AF-AC0D-7C38892D2952}.Release|x64.ActiveCfg = Release|x64
		{6B0C65F1-D031-46AF-AC0D-7C38892D2952}.Release|x64.Build.0 = Release|x64
		{6B0C65F1-D031-46AF-AC0D-7C38892D2952}.Release|x86.ActiveCfg = Release|Win32
		{6B0C65F1-D031-46AF-AC0D-7C38892D2952}.Release|x86.Build.0 = Release|Win32
		{FE5C7C7C-F109-44F5-8329-25A4E24F162C}.Release|Win32.ActiveCfg = Release|Win32
		{FE5C7C7C-F109-44F5-8329-25A4E24F162C}.Release|Win32.Build.0 = Release|Win32
		{FE5C7C7C-F109-44F5-8329-25A4E24F162C}.Release|x64.ActiveCfg = Release|x64
		{FE5C7C7C-F109-44F5-8329-25A4E24F162C}.Release|x64.Build.0 = Release|x64
		{FE5C7C7C-F109-44F5-8329-25A4E24F162C}.Release|x86.ActiveCfg = Release|Win32
		{FE5C7C7C-F109-44F5-8329-25A4E24F162C}.Release|x86.Build.0 = Release|Win32
		{5D09BE33-81EC-450B-8A7B-2E7B941ADC56}.Release|Win32.ActiveCfg = Release|Win32
		{5D09BE33-81EC-450B-8A7B-2E7B941ADC56}.Release|Win32.Build.0 = Release|Win32
		{5D09BE33-81EC-450B-8A7B-2E7B941ADC56}.Release|x64.ActiveCfg = Release|x64
		{5D09BE33-81EC-450B-8A7B-2E7B941ADC56}.Release|x64.Build.0 = Release|x64
		{5D09BE33-81EC-450B-8A7B-2E7B941ADC56}.Release|x86.ActiveCfg = Release|Win32
		{5D09BE33-81EC-450B-8A7B-2E7B941ADC56}.Release|x86.Build.0 = Release|Win32
	EndGlobalSection
	GlobalSection(SolutionProperties) = preSolution
		HideSolutionNode = FALSE
	EndGlobalSection
	GlobalSection(ExtensibilityGlobals) = postSolution
		SolutionGuid = {80B8EBE7-C2C1-4F9B-89C2-2B6D7FA9E470}
	EndGlobalSection
EndGlobal
